Microsoft Visual Studio Solution File, Format Version 12.00
# Visual Studio 14
Project("{2150E333-8FDC-42A3-9474-1A3956D46DE8}") = "CMakePredefinedTargets", "CMakePredefinedTargets", "{2DBB8A1E-AA3E-3F1A-A51D-2CF3FCB27F6E}"
EndProject
Project("{2150E333-8FDC-42A3-9474-1A3956D46DE8}") = "GLFW3", "GLFW3", "{83759A62-E954-38A3-AD41-E10C0481BAE9}"
EndProject
Project("{2150E333-8FDC-42A3-9474-1A3956D46DE8}") = "Examples", "GLFW3\Examples", "{0FAF17B5-5F18-3C7B-81C0-0FECAC8ADAE7}"
EndProject
Project("{2150E333-8FDC-42A3-9474-1A3956D46DE8}") = "Tests", "GLFW3\Tests", "{6E96345C-3318-301F-847D-0BC7C4834E38}"
EndProject
Project("{8BC9CEB8-8B4A-11D0-8D11-00A0C91BC942}") = "ALL_BUILD", "ALL_BUILD.vcxproj", "{09D74B16-EC79-3998-9989-48F28A09DAC7}"
	ProjectSection(ProjectDependencies) = postProject
		{486D603B-156B-3257-8C5C-B414E4A6A58F} = {486D603B-156B-3257-8C5C-B414E4A6A58F}
		{F80B52BD-86FC-3222-AA12-23DAC30C3E65} = {F80B52BD-86FC-3222-AA12-23DAC30C3E65}
		{5FDCF97C-62AD-348C-809D-4982EAA0F30A} = {5FDCF97C-62AD-348C-809D-4982EAA0F30A}
		{239337C4-66D6-3FC9-A21F-DC6AEC0813B8} = {239337C4-66D6-3FC9-A21F-DC6AEC0813B8}
		{1A258D94-D59D-35E2-9181-F4D9600555AC} = {1A258D94-D59D-35E2-9181-F4D9600555AC}
		{DB018D82-FB27-3A6E-A98A-A2C040A85456} = {DB018D82-FB27-3A6E-A98A-A2C040A85456}
		{B28707EA-C56D-3A8B-A3B4-5CC974D17E09} = {B28707EA-C56D-3A8B-A3B4-5CC974D17E09}
		{69806879-F756-39A4-A464-D4E8AAC2DF7B} = {69806879-F756-39A4-A464-D4E8AAC2DF7B}
		{09137500-343C-39E5-A12A-6F389D55446F} = {09137500-343C-39E5-A12A-6F389D55446F}
		{DA9A9AB9-C4A2-31F4-BD91-CA01A455961C} = {DA9A9AB9-C4A2-31F4-BD91-CA01A455961C}
		{B92C6999-3087-3A19-B309-FEE20E291341} = {B92C6999-3087-3A19-B309-FEE20E291341}
		{9A2D6570-6264-39F4-AD04-313DF3D0B1D1} = {9A2D6570-6264-39F4-AD04-313DF3D0B1D1}
		{14182E46-AE80-3715-B715-7FA866AD6654} = {14182E46-AE80-3715-B715-7FA866AD6654}
		{8E5452BC-F84D-3E73-945E-C41B1EC24165} = {8E5452BC-F84D-3E73-945E-C41B1EC24165}
		{4EA66187-876C-35C6-A425-FA8319B21434} = {4EA66187-876C-35C6-A425-FA8319B21434}
		{301E63D4-53FB-3F9D-8C9B-BE9831049339} = {301E63D4-53FB-3F9D-8C9B-BE9831049339}
		{0526E3AC-A64F-3A4A-9223-4C03297E1B45} = {0526E3AC-A64F-3A4A-9223-4C03297E1B45}
		{4A84C075-5D44-3975-9A8B-15FF42FAEE79} = {4A84C075-5D44-3975-9A8B-15FF42FAEE79}
		{03BC81D4-857A-3597-90CF-3971ED8F7A19} = {03BC81D4-857A-3597-90CF-3971ED8F7A19}
		{EC746B68-9B6D-3C2D-93DB-021249719586} = {EC746B68-9B6D-3C2D-93DB-021249719586}
		{078A41AA-C8BC-3212-9821-6A3033C82FBD} = {078A41AA-C8BC-3212-9821-6A3033C82FBD}
		{9E0B5712-B80C-3D95-B193-7E61B11B9DB8} = {9E0B5712-B80C-3D95-B193-7E61B11B9DB8}
		{6B965752-0317-34E3-8FFA-048CFFCE9052} = {6B965752-0317-34E3-8FFA-048CFFCE9052}
		{1BF2D969-2DD0-330E-8BF1-B4ADC6EA0F84} = {1BF2D969-2DD0-330E-8BF1-B4ADC6EA0F84}
		{35067943-E5F3-3865-9500-3A09BA7482AE} = {35067943-E5F3-3865-9500-3A09BA7482AE}
		{4A2BF3A9-630D-3B31-A673-F115D82B19CF} = {4A2BF3A9-630D-3B31-A673-F115D82B19CF}
		{656B2C3E-03C3-321A-829D-4B80F80CF7FD} = {656B2C3E-03C3-321A-829D-4B80F80CF7FD}
	EndProjectSection
EndProject
Project("{8BC9CEB8-8B4A-11D0-8D11-00A0C91BC942}") = "INSTALL", "INSTALL.vcxproj", "{377ED867-1DE9-35C0-B114-AFFEDF49B514}"
	ProjectSection(ProjectDependencies) = postProject
		{09D74B16-EC79-3998-9989-48F28A09DAC7} = {09D74B16-EC79-3998-9989-48F28A09DAC7}
		{486D603B-156B-3257-8C5C-B414E4A6A58F} = {486D603B-156B-3257-8C5C-B414E4A6A58F}
	EndProjectSection
EndProject
Project("{8BC9CEB8-8B4A-11D0-8D11-00A0C91BC942}") = "ZERO_CHECK", "ZERO_CHECK.vcxproj", "{486D603B-156B-3257-8C5C-B414E4A6A58F}"
	ProjectSection(ProjectDependencies) = postProject
	EndProjectSection
EndProject
Project("{8BC9CEB8-8B4A-11D0-8D11-00A0C91BC942}") = "boing", "examples\boing.vcxproj", "{F80B52BD-86FC-3222-AA12-23DAC30C3E65}"
	ProjectSection(ProjectDependencies) = postProject
		{486D603B-156B-3257-8C5C-B414E4A6A58F} = {486D603B-156B-3257-8C5C-B414E4A6A58F}
		{09137500-343C-39E5-A12A-6F389D55446F} = {09137500-343C-39E5-A12A-6F389D55446F}
	EndProjectSection
EndProject
Project("{8BC9CEB8-8B4A-11D0-8D11-00A0C91BC942}") = "clipboard", "tests\clipboard.vcxproj", "{5FDCF97C-62AD-348C-809D-4982EAA0F30A}"
	ProjectSection(ProjectDependencies) = postProject
		{486D603B-156B-3257-8C5C-B414E4A6A58F} = {486D603B-156B-3257-8C5C-B414E4A6A58F}
		{09137500-343C-39E5-A12A-6F389D55446F} = {09137500-343C-39E5-A12A-6F389D55446F}
	EndProjectSection
EndProject
Project("{8BC9CEB8-8B4A-11D0-8D11-00A0C91BC942}") = "cursor", "tests\cursor.vcxproj", "{239337C4-66D6-3FC9-A21F-DC6AEC0813B8}"
	ProjectSection(ProjectDependencies) = postProject
		{486D603B-156B-3257-8C5C-B414E4A6A58F} = {486D603B-156B-3257-8C5C-B414E4A6A58F}
		{09137500-343C-39E5-A12A-6F389D55446F} = {09137500-343C-39E5-A12A-6F389D55446F}
	EndProjectSection
EndProject
Project("{8BC9CEB8-8B4A-11D0-8D11-00A0C91BC942}") = "empty", "tests\empty.vcxproj", "{1A258D94-D59D-35E2-9181-F4D9600555AC}"
	ProjectSection(ProjectDependencies) = postProject
		{486D603B-156B-3257-8C5C-B414E4A6A58F} = {486D603B-156B-3257-8C5C-B414E4A6A58F}
		{09137500-343C-39E5-A12A-6F389D55446F} = {09137500-343C-39E5-A12A-6F389D55446F}
	EndProjectSection
EndProject
Project("{8BC9CEB8-8B4A-11D0-8D11-00A0C91BC942}") = "events", "tests\events.vcxproj", "{DB018D82-FB27-3A6E-A98A-A2C040A85456}"
	ProjectSection(ProjectDependencies) = postProject
		{486D603B-156B-3257-8C5C-B414E4A6A58F} = {486D603B-156B-3257-8C5C-B414E4A6A58F}
		{09137500-343C-39E5-A12A-6F389D55446F} = {09137500-343C-39E5-A12A-6F389D55446F}
	EndProjectSection
EndProject
Project("{8BC9CEB8-8B4A-11D0-8D11-00A0C91BC942}") = "gamma", "tests\gamma.vcxproj", "{B28707EA-C56D-3A8B-A3B4-5CC974D17E09}"
	ProjectSection(ProjectDependencies) = postProject
		{486D603B-156B-3257-8C5C-B414E4A6A58F} = {486D603B-156B-3257-8C5C-B414E4A6A58F}
		{09137500-343C-39E5-A12A-6F389D55446F} = {09137500-343C-39E5-A12A-6F389D55446F}
	EndProjectSection
EndProject
Project("{8BC9CEB8-8B4A-11D0-8D11-00A0C91BC942}") = "gears", "examples\gears.vcxproj", "{69806879-F756-39A4-A464-D4E8AAC2DF7B}"
	ProjectSection(ProjectDependencies) = postProject
		{486D603B-156B-3257-8C5C-B414E4A6A58F} = {486D603B-156B-3257-8C5C-B414E4A6A58F}
		{09137500-343C-39E5-A12A-6F389D55446F} = {09137500-343C-39E5-A12A-6F389D55446F}
	EndProjectSection
EndProject
Project("{8BC9CEB8-8B4A-11D0-8D11-00A0C91BC942}") = "glfw", "src\glfw.vcxproj", "{09137500-343C-39E5-A12A-6F389D55446F}"
	ProjectSection(ProjectDependencies) = postProject
		{486D603B-156B-3257-8C5C-B414E4A6A58F} = {486D603B-156B-3257-8C5C-B414E4A6A58F}
	EndProjectSection
EndProject
Project("{8BC9CEB8-8B4A-11D0-8D11-00A0C91BC942}") = "glfwinfo", "tests\glfwinfo.vcxproj", "{DA9A9AB9-C4A2-31F4-BD91-CA01A455961C}"
	ProjectSection(ProjectDependencies) = postProject
		{486D603B-156B-3257-8C5C-B414E4A6A58F} = {486D603B-156B-3257-8C5C-B414E4A6A58F}
		{09137500-343C-39E5-A12A-6F389D55446F} = {09137500-343C-39E5-A12A-6F389D55446F}
	EndProjectSection
EndProject
Project("{8BC9CEB8-8B4A-11D0-8D11-00A0C91BC942}") = "heightmap", "examples\heightmap.vcxproj", "{B92C6999-3087-3A19-B309-FEE20E291341}"
	ProjectSection(ProjectDependencies) = postProject
		{486D603B-156B-3257-8C5C-B414E4A6A58F} = {486D603B-156B-3257-8C5C-B414E4A6A58F}
		{09137500-343C-39E5-A12A-6F389D55446F} = {09137500-343C-39E5-A12A-6F389D55446F}
	EndProjectSection
EndProject
Project("{8BC9CEB8-8B4A-11D0-8D11-00A0C91BC942}") = "icon", "tests\icon.vcxproj", "{9A2D6570-6264-39F4-AD04-313DF3D0B1D1}"
	ProjectSection(ProjectDependencies) = postProject
		{486D603B-156B-3257-8C5C-B414E4A6A58F} = {486D603B-156B-3257-8C5C-B414E4A6A58F}
		{09137500-343C-39E5-A12A-6F389D55446F} = {09137500-343C-39E5-A12A-6F389D55446F}
	EndProjectSection
EndProject
Project("{8BC9CEB8-8B4A-11D0-8D11-00A0C91BC942}") = "iconify", "tests\iconify.vcxproj", "{14182E46-AE80-3715-B715-7FA866AD6654}"
	ProjectSection(ProjectDependencies) = postProject
		{486D603B-156B-3257-8C5C-B414E4A6A58F} = {486D603B-156B-3257-8C5C-B414E4A6A58F}
		{09137500-343C-39E5-A12A-6F389D55446F} = {09137500-343C-39E5-A12A-6F389D55446F}
	EndProjectSection
EndProject
Project("{8BC9CEB8-8B4A-11D0-8D11-00A0C91BC942}") = "joysticks", "tests\joysticks.vcxproj", "{8E5452BC-F84D-3E73-945E-C41B1EC24165}"
	ProjectSection(ProjectDependencies) = postProject
		{486D603B-156B-3257-8C5C-B414E4A6A58F} = {486D603B-156B-3257-8C5C-B414E4A6A58F}
		{09137500-343C-39E5-A12A-6F389D55446F} = {09137500-343C-39E5-A12A-6F389D55446F}
	EndProjectSection
EndProject
Project("{8BC9CEB8-8B4A-11D0-8D11-00A0C91BC942}") = "monitors", "tests\monitors.vcxproj", "{4EA66187-876C-35C6-A425-FA8319B21434}"
	ProjectSection(ProjectDependencies) = postProject
		{486D603B-156B-3257-8C5C-B414E4A6A58F} = {486D603B-156B-3257-8C5C-B414E4A6A58F}
		{09137500-343C-39E5-A12A-6F389D55446F} = {09137500-343C-39E5-A12A-6F389D55446F}
	EndProjectSection
EndProject
Project("{8BC9CEB8-8B4A-11D0-8D11-00A0C91BC942}") = "msaa", "tests\msaa.vcxproj", "{301E63D4-53FB-3F9D-8C9B-BE9831049339}"
	ProjectSection(ProjectDependencies) = postProject
		{486D603B-156B-3257-8C5C-B414E4A6A58F} = {486D603B-156B-3257-8C5C-B414E4A6A58F}
		{09137500-343C-39E5-A12A-6F389D55446F} = {09137500-343C-39E5-A12A-6F389D55446F}
	EndProjectSection
EndProject
Project("{8BC9CEB8-8B4A-11D0-8D11-00A0C91BC942}") = "particles", "examples\particles.vcxproj", "{0526E3AC-A64F-3A4A-9223-4C03297E1B45}"
	ProjectSection(ProjectDependencies) = postProject
		{486D603B-156B-3257-8C5C-B414E4A6A58F} = {486D603B-156B-3257-8C5C-B414E4A6A58F}
		{09137500-343C-39E5-A12A-6F389D55446F} = {09137500-343C-39E5-A12A-6F389D55446F}
	EndProjectSection
EndProject
Project("{8BC9CEB8-8B4A-11D0-8D11-00A0C91BC942}") = "reopen", "tests\reopen.vcxproj", "{4A84C075-5D44-3975-9A8B-15FF42FAEE79}"
	ProjectSection(ProjectDependencies) = postProject
		{486D603B-156B-3257-8C5C-B414E4A6A58F} = {486D603B-156B-3257-8C5C-B414E4A6A58F}
		{09137500-343C-39E5-A12A-6F389D55446F} = {09137500-343C-39E5-A12A-6F389D55446F}
	EndProjectSection
EndProject
Project("{8BC9CEB8-8B4A-11D0-8D11-00A0C91BC942}") = "sharing", "tests\sharing.vcxproj", "{03BC81D4-857A-3597-90CF-3971ED8F7A19}"
	ProjectSection(ProjectDependencies) = postProject
		{486D603B-156B-3257-8C5C-B414E4A6A58F} = {486D603B-156B-3257-8C5C-B414E4A6A58F}
		{09137500-343C-39E5-A12A-6F389D55446F} = {09137500-343C-39E5-A12A-6F389D55446F}
	EndProjectSection
EndProject
Project("{8BC9CEB8-8B4A-11D0-8D11-00A0C91BC942}") = "simple", "examples\simple.vcxproj", "{EC746B68-9B6D-3C2D-93DB-021249719586}"
	ProjectSection(ProjectDependencies) = postProject
		{486D603B-156B-3257-8C5C-B414E4A6A58F} = {486D603B-156B-3257-8C5C-B414E4A6A58F}
		{09137500-343C-39E5-A12A-6F389D55446F} = {09137500-343C-39E5-A12A-6F389D55446F}
	EndProjectSection
EndProject
Project("{8BC9CEB8-8B4A-11D0-8D11-00A0C91BC942}") = "splitview", "examples\splitview.vcxproj", "{078A41AA-C8BC-3212-9821-6A3033C82FBD}"
	ProjectSection(ProjectDependencies) = postProject
		{486D603B-156B-3257-8C5C-B414E4A6A58F} = {486D603B-156B-3257-8C5C-B414E4A6A58F}
		{09137500-343C-39E5-A12A-6F389D55446F} = {09137500-343C-39E5-A12A-6F389D55446F}
	EndProjectSection
EndProject
Project("{8BC9CEB8-8B4A-11D0-8D11-00A0C91BC942}") = "tearing", "tests\tearing.vcxproj", "{9E0B5712-B80C-3D95-B193-7E61B11B9DB8}"
	ProjectSection(ProjectDependencies) = postProject
		{486D603B-156B-3257-8C5C-B414E4A6A58F} = {486D603B-156B-3257-8C5C-B414E4A6A58F}
		{09137500-343C-39E5-A12A-6F389D55446F} = {09137500-343C-39E5-A12A-6F389D55446F}
	EndProjectSection
EndProject
Project("{8BC9CEB8-8B4A-11D0-8D11-00A0C91BC942}") = "threads", "tests\threads.vcxproj", "{6B965752-0317-34E3-8FFA-048CFFCE9052}"
	ProjectSection(ProjectDependencies) = postProject
		{486D603B-156B-3257-8C5C-B414E4A6A58F} = {486D603B-156B-3257-8C5C-B414E4A6A58F}
		{09137500-343C-39E5-A12A-6F389D55446F} = {09137500-343C-39E5-A12A-6F389D55446F}
	EndProjectSection
EndProject
Project("{8BC9CEB8-8B4A-11D0-8D11-00A0C91BC942}") = "timeout", "tests\timeout.vcxproj", "{1BF2D969-2DD0-330E-8BF1-B4ADC6EA0F84}"
	ProjectSection(ProjectDependencies) = postProject
		{486D603B-156B-3257-8C5C-B414E4A6A58F} = {486D603B-156B-3257-8C5C-B414E4A6A58F}
		{09137500-343C-39E5-A12A-6F389D55446F} = {09137500-343C-39E5-A12A-6F389D55446F}
	EndProjectSection
EndProject
Project("{8BC9CEB8-8B4A-11D0-8D11-00A0C91BC942}") = "title", "tests\title.vcxproj", "{35067943-E5F3-3865-9500-3A09BA7482AE}"
	ProjectSection(ProjectDependencies) = postProject
		{486D603B-156B-3257-8C5C-B414E4A6A58F} = {486D603B-156B-3257-8C5C-B414E4A6A58F}
		{09137500-343C-39E5-A12A-6F389D55446F} = {09137500-343C-39E5-A12A-6F389D55446F}
	EndProjectSection
EndProject
Project("{8BC9CEB8-8B4A-11D0-8D11-00A0C91BC942}") = "uninstall", "uninstall.vcxproj", "{EB555EB9-BF7A-38C9-A110-8AC97A681FB2}"
	ProjectSection(ProjectDependencies) = postProject
		{486D603B-156B-3257-8C5C-B414E4A6A58F} = {486D603B-156B-3257-8C5C-B414E4A6A58F}
	EndProjectSection
EndProject
Project("{8BC9CEB8-8B4A-11D0-8D11-00A0C91BC942}") = "wave", "examples\wave.vcxproj", "{4A2BF3A9-630D-3B31-A673-F115D82B19CF}"
	ProjectSection(ProjectDependencies) = postProject
		{486D603B-156B-3257-8C5C-B414E4A6A58F} = {486D603B-156B-3257-8C5C-B414E4A6A58F}
		{09137500-343C-39E5-A12A-6F389D55446F} = {09137500-343C-39E5-A12A-6F389D55446F}
	EndProjectSection
EndProject
Project("{8BC9CEB8-8B4A-11D0-8D11-00A0C91BC942}") = "windows", "tests\windows.vcxproj", "{656B2C3E-03C3-321A-829D-4B80F80CF7FD}"
	ProjectSection(ProjectDependencies) = postProject
		{486D603B-156B-3257-8C5C-B414E4A6A58F} = {486D603B-156B-3257-8C5C-B414E4A6A58F}
		{09137500-343C-39E5-A12A-6F389D55446F} = {09137500-343C-39E5-A12A-6F389D55446F}
	EndProjectSection
EndProject
Global
	GlobalSection(SolutionConfigurationPlatforms) = preSolution
		Debug|Win32 = Debug|Win32
		Release|Win32 = Release|Win32
		MinSizeRel|Win32 = MinSizeRel|Win32
		RelWithDebInfo|Win32 = RelWithDebInfo|Win32
	EndGlobalSection
	GlobalSection(ProjectConfigurationPlatforms) = postSolution
		{09D74B16-EC79-3998-9989-48F28A09DAC7}.Debug|Win32.ActiveCfg = Debug|Win32
		{09D74B16-EC79-3998-9989-48F28A09DAC7}.Debug|Win32.Build.0 = Debug|Win32
		{09D74B16-EC79-3998-9989-48F28A09DAC7}.Release|Win32.ActiveCfg = Release|Win32
		{09D74B16-EC79-3998-9989-48F28A09DAC7}.Release|Win32.Build.0 = Release|Win32
		{09D74B16-EC79-3998-9989-48F28A09DAC7}.MinSizeRel|Win32.ActiveCfg = MinSizeRel|Win32
		{09D74B16-EC79-3998-9989-48F28A09DAC7}.MinSizeRel|Win32.Build.0 = MinSizeRel|Win32
		{09D74B16-EC79-3998-9989-48F28A09DAC7}.RelWithDebInfo|Win32.ActiveCfg = RelWithDebInfo|Win32
		{09D74B16-EC79-3998-9989-48F28A09DAC7}.RelWithDebInfo|Win32.Build.0 = RelWithDebInfo|Win32
		{377ED867-1DE9-35C0-B114-AFFEDF49B514}.Debug|Win32.ActiveCfg = Debug|Win32
		{377ED867-1DE9-35C0-B114-AFFEDF49B514}.Release|Win32.ActiveCfg = Release|Win32
		{377ED867-1DE9-35C0-B114-AFFEDF49B514}.MinSizeRel|Win32.ActiveCfg = MinSizeRel|Win32
		{377ED867-1DE9-35C0-B114-AFFEDF49B514}.RelWithDebInfo|Win32.ActiveCfg = RelWithDebInfo|Win32
		{486D603B-156B-3257-8C5C-B414E4A6A58F}.Debug|Win32.ActiveCfg = Debug|Win32
		{486D603B-156B-3257-8C5C-B414E4A6A58F}.Debug|Win32.Build.0 = Debug|Win32
		{486D603B-156B-3257-8C5C-B414E4A6A58F}.Release|Win32.ActiveCfg = Release|Win32
		{486D603B-156B-3257-8C5C-B414E4A6A58F}.Release|Win32.Build.0 = Release|Win32
		{486D603B-156B-3257-8C5C-B414E4A6A58F}.MinSizeRel|Win32.ActiveCfg = MinSizeRel|Win32
		{486D603B-156B-3257-8C5C-B414E4A6A58F}.MinSizeRel|Win32.Build.0 = MinSizeRel|Win32
		{486D603B-156B-3257-8C5C-B414E4A6A58F}.RelWithDebInfo|Win32.ActiveCfg = RelWithDebInfo|Win32
		{486D603B-156B-3257-8C5C-B414E4A6A58F}.RelWithDebInfo|Win32.Build.0 = RelWithDebInfo|Win32
		{F80B52BD-86FC-3222-AA12-23DAC30C3E65}.Debug|Win32.ActiveCfg = Debug|Win32
		{F80B52BD-86FC-3222-AA12-23DAC30C3E65}.Debug|Win32.Build.0 = Debug|Win32
		{F80B52BD-86FC-3222-AA12-23DAC30C3E65}.Release|Win32.ActiveCfg = Release|Win32
		{F80B52BD-86FC-3222-AA12-23DAC30C3E65}.Release|Win32.Build.0 = Release|Win32
		{F80B52BD-86FC-3222-AA12-23DAC30C3E65}.MinSizeRel|Win32.ActiveCfg = MinSizeRel|Win32
		{F80B52BD-86FC-3222-AA12-23DAC30C3E65}.MinSizeRel|Win32.Build.0 = MinSizeRel|Win32
		{F80B52BD-86FC-3222-AA12-23DAC30C3E65}.RelWithDebInfo|Win32.ActiveCfg = RelWithDebInfo|Win32
		{F80B52BD-86FC-3222-AA12-23DAC30C3E65}.RelWithDebInfo|Win32.Build.0 = RelWithDebInfo|Win32
		{5FDCF97C-62AD-348C-809D-4982EAA0F30A}.Debug|Win32.ActiveCfg = Debug|Win32
		{5FDCF97C-62AD-348C-809D-4982EAA0F30A}.Debug|Win32.Build.0 = Debug|Win32
		{5FDCF97C-62AD-348C-809D-4982EAA0F30A}.Release|Win32.ActiveCfg = Release|Win32
		{5FDCF97C-62AD-348C-809D-4982EAA0F30A}.Release|Win32.Build.0 = Release|Win32
		{5FDCF97C-62AD-348C-809D-4982EAA0F30A}.MinSizeRel|Win32.ActiveCfg = MinSizeRel|Win32
		{5FDCF97C-62AD-348C-809D-4982EAA0F30A}.MinSizeRel|Win32.Build.0 = MinSizeRel|Win32
		{5FDCF97C-62AD-348C-809D-4982EAA0F30A}.RelWithDebInfo|Win32.ActiveCfg = RelWithDebInfo|Win32
		{5FDCF97C-62AD-348C-809D-4982EAA0F30A}.RelWithDebInfo|Win32.Build.0 = RelWithDebInfo|Win32
		{239337C4-66D6-3FC9-A21F-DC6AEC0813B8}.Debug|Win32.ActiveCfg = Debug|Win32
		{239337C4-66D6-3FC9-A21F-DC6AEC0813B8}.Debug|Win32.Build.0 = Debug|Win32
		{239337C4-66D6-3FC9-A21F-DC6AEC0813B8}.Release|Win32.ActiveCfg = Release|Win32
		{239337C4-66D6-3FC9-A21F-DC6AEC0813B8}.Release|Win32.Build.0 = Release|Win32
		{239337C4-66D6-3FC9-A21F-DC6AEC0813B8}.MinSizeRel|Win32.ActiveCfg = MinSizeRel|Win32
		{239337C4-66D6-3FC9-A21F-DC6AEC0813B8}.MinSizeRel|Win32.Build.0 = MinSizeRel|Win32
		{239337C4-66D6-3FC9-A21F-DC6AEC0813B8}.RelWithDebInfo|Win32.ActiveCfg = RelWithDebInfo|Win32
		{239337C4-66D6-3FC9-A21F-DC6AEC0813B8}.RelWithDebInfo|Win32.Build.0 = RelWithDebInfo|Win32
		{1A258D94-D59D-35E2-9181-F4D9600555AC}.Debug|Win32.ActiveCfg = Debug|Win32
		{1A258D94-D59D-35E2-9181-F4D9600555AC}.Debug|Win32.Build.0 = Debug|Win32
		{1A258D94-D59D-35E2-9181-F4D9600555AC}.Release|Win32.ActiveCfg = Release|Win32
		{1A258D94-D59D-35E2-9181-F4D9600555AC}.Release|Win32.Build.0 = Release|Win32
		{1A258D94-D59D-35E2-9181-F4D9600555AC}.MinSizeRel|Win32.ActiveCfg = MinSizeRel|Win32
		{1A258D94-D59D-35E2-9181-F4D9600555AC}.MinSizeRel|Win32.Build.0 = MinSizeRel|Win32
		{1A258D94-D59D-35E2-9181-F4D9600555AC}.RelWithDebInfo|Win32.ActiveCfg = RelWithDebInfo|Win32
		{1A258D94-D59D-35E2-9181-F4D9600555AC}.RelWithDebInfo|Win32.Build.0 = RelWithDebInfo|Win32
		{DB018D82-FB27-3A6E-A98A-A2C040A85456}.Debug|Win32.ActiveCfg = Debug|Win32
		{DB018D82-FB27-3A6E-A98A-A2C040A85456}.Debug|Win32.Build.0 = Debug|Win32
		{DB018D82-FB27-3A6E-A98A-A2C040A85456}.Release|Win32.ActiveCfg = Release|Win32
		{DB018D82-FB27-3A6E-A98A-A2C040A85456}.Release|Win32.Build.0 = Release|Win32
		{DB018D82-FB27-3A6E-A98A-A2C040A85456}.MinSizeRel|Win32.ActiveCfg = MinSizeRel|Win32
		{DB018D82-FB27-3A6E-A98A-A2C040A85456}.MinSizeRel|Win32.Build.0 = MinSizeRel|Win32
		{DB018D82-FB27-3A6E-A98A-A2C040A85456}.RelWithDebInfo|Win32.ActiveCfg = RelWithDebInfo|Win32
		{DB018D82-FB27-3A6E-A98A-A2C040A85456}.RelWithDebInfo|Win32.Build.0 = RelWithDebInfo|Win32
		{B28707EA-C56D-3A8B-A3B4-5CC974D17E09}.Debug|Win32.ActiveCfg = Debug|Win32
		{B28707EA-C56D-3A8B-A3B4-5CC974D17E09}.Debug|Win32.Build.0 = Debug|Win32
		{B28707EA-C56D-3A8B-A3B4-5CC974D17E09}.Release|Win32.ActiveCfg = Release|Win32
		{B28707EA-C56D-3A8B-A3B4-5CC974D17E09}.Release|Win32.Build.0 = Release|Win32
		{B28707EA-C56D-3A8B-A3B4-5CC974D17E09}.MinSizeRel|Win32.ActiveCfg = MinSizeRel|Win32
		{B28707EA-C56D-3A8B-A3B4-5CC974D17E09}.MinSizeRel|Win32.Build.0 = MinSizeRel|Win32
		{B28707EA-C56D-3A8B-A3B4-5CC974D17E09}.RelWithDebInfo|Win32.ActiveCfg = RelWithDebInfo|Win32
		{B28707EA-C56D-3A8B-A3B4-5CC974D17E09}.RelWithDebInfo|Win32.Build.0 = RelWithDebInfo|Win32
		{69806879-F756-39A4-A464-D4E8AAC2DF7B}.Debug|Win32.ActiveCfg = Debug|Win32
		{69806879-F756-39A4-A464-D4E8AAC2DF7B}.Debug|Win32.Build.0 = Debug|Win32
		{69806879-F756-39A4-A464-D4E8AAC2DF7B}.Release|Win32.ActiveCfg = Release|Win32
		{69806879-F756-39A4-A464-D4E8AAC2DF7B}.Release|Win32.Build.0 = Release|Win32
		{69806879-F756-39A4-A464-D4E8AAC2DF7B}.MinSizeRel|Win32.ActiveCfg = MinSizeRel|Win32
		{69806879-F756-39A4-A464-D4E8AAC2DF7B}.MinSizeRel|Win32.Build.0 = MinSizeRel|Win32
		{69806879-F756-39A4-A464-D4E8AAC2DF7B}.RelWithDebInfo|Win32.ActiveCfg = RelWithDebInfo|Win32
		{69806879-F756-39A4-A464-D4E8AAC2DF7B}.RelWithDebInfo|Win32.Build.0 = RelWithDebInfo|Win32
		{09137500-343C-39E5-A12A-6F389D55446F}.Debug|Win32.ActiveCfg = Debug|Win32
		{09137500-343C-39E5-A12A-6F389D55446F}.Debug|Win32.Build.0 = Debug|Win32
		{09137500-343C-39E5-A12A-6F389D55446F}.Release|Win32.ActiveCfg = Release|Win32
		{09137500-343C-39E5-A12A-6F389D55446F}.Release|Win32.Build.0 = Release|Win32
		{09137500-343C-39E5-A12A-6F389D55446F}.MinSizeRel|Win32.ActiveCfg = MinSizeRel|Win32
		{09137500-343C-39E5-A12A-6F389D55446F}.MinSizeRel|Win32.Build.0 = MinSizeRel|Win32
		{09137500-343C-39E5-A12A-6F389D55446F}.RelWithDebInfo|Win32.ActiveCfg = RelWithDebInfo|Win32
		{09137500-343C-39E5-A12A-6F389D55446F}.RelWithDebInfo|Win32.Build.0 = RelWithDebInfo|Win32
		{DA9A9AB9-C4A2-31F4-BD91-CA01A455961C}.Debug|Win32.ActiveCfg = Debug|Win32
		{DA9A9AB9-C4A2-31F4-BD91-CA01A455961C}.Debug|Win32.Build.0 = Debug|Win32
		{DA9A9AB9-C4A2-31F4-BD91-CA01A455961C}.Release|Win32.ActiveCfg = Release|Win32
		{DA9A9AB9-C4A2-31F4-BD91-CA01A455961C}.Release|Win32.Build.0 = Release|Win32
		{DA9A9AB9-C4A2-31F4-BD91-CA01A455961C}.MinSizeRel|Win32.ActiveCfg = MinSizeRel|Win32
		{DA9A9AB9-C4A2-31F4-BD91-CA01A455961C}.MinSizeRel|Win32.Build.0 = MinSizeRel|Win32
		{DA9A9AB9-C4A2-31F4-BD91-CA01A455961C}.RelWithDebInfo|Win32.ActiveCfg = RelWithDebInfo|Win32
		{DA9A9AB9-C4A2-31F4-BD91-CA01A455961C}.RelWithDebInfo|Win32.Build.0 = RelWithDebInfo|Win32
		{B92C6999-3087-3A19-B309-FEE20E291341}.Debug|Win32.ActiveCfg = Debug|Win32
		{B92C6999-3087-3A19-B309-FEE20E291341}.Debug|Win32.Build.0 = Debug|Win32
		{B92C6999-3087-3A19-B309-FEE20E291341}.Release|Win32.ActiveCfg = Release|Win32
		{B92C6999-3087-3A19-B309-FEE20E291341}.Release|Win32.Build.0 = Release|Win32
		{B92C6999-3087-3A19-B309-FEE20E291341}.MinSizeRel|Win32.ActiveCfg = MinSizeRel|Win32
		{B92C6999-3087-3A19-B309-FEE20E291341}.MinSizeRel|Win32.Build.0 = MinSizeRel|Win32
		{B92C6999-3087-3A19-B309-FEE20E291341}.RelWithDebInfo|Win32.ActiveCfg = RelWithDebInfo|Win32
		{B92C6999-3087-3A19-B309-FEE20E291341}.RelWithDebInfo|Win32.Build.0 = RelWithDebInfo|Win32
		{9A2D6570-6264-39F4-AD04-313DF3D0B1D1}.Debug|Win32.ActiveCfg = Debug|Win32
		{9A2D6570-6264-39F4-AD04-313DF3D0B1D1}.Debug|Win32.Build.0 = Debug|Win32
		{9A2D6570-6264-39F4-AD04-313DF3D0B1D1}.Release|Win32.ActiveCfg = Release|Win32
		{9A2D6570-6264-39F4-AD04-313DF3D0B1D1}.Release|Win32.Build.0 = Release|Win32
		{9A2D6570-6264-39F4-AD04-313DF3D0B1D1}.MinSizeRel|Win32.ActiveCfg = MinSizeRel|Win32
		{9A2D6570-6264-39F4-AD04-313DF3D0B1D1}.MinSizeRel|Win32.Build.0 = MinSizeRel|Win32
		{9A2D6570-6264-39F4-AD04-313DF3D0B1D1}.RelWithDebInfo|Win32.ActiveCfg = RelWithDebInfo|Win32
		{9A2D6570-6264-39F4-AD04-313DF3D0B1D1}.RelWithDebInfo|Win32.Build.0 = RelWithDebInfo|Win32
		{14182E46-AE80-3715-B715-7FA866AD6654}.Debug|Win32.ActiveCfg = Debug|Win32
		{14182E46-AE80-3715-B715-7FA866AD6654}.Debug|Win32.Build.0 = Debug|Win32
		{14182E46-AE80-3715-B715-7FA866AD6654}.Release|Win32.ActiveCfg = Release|Win32
		{14182E46-AE80-3715-B715-7FA866AD6654}.Release|Win32.Build.0 = Release|Win32
		{14182E46-AE80-3715-B715-7FA866AD6654}.MinSizeRel|Win32.ActiveCfg = MinSizeRel|Win32
		{14182E46-AE80-3715-B715-7FA866AD6654}.MinSizeRel|Win32.Build.0 = MinSizeRel|Win32
		{14182E46-AE80-3715-B715-7FA866AD6654}.RelWithDebInfo|Win32.ActiveCfg = RelWithDebInfo|Win32
		{14182E46-AE80-3715-B715-7FA866AD6654}.RelWithDebInfo|Win32.Build.0 = RelWithDebInfo|Win32
		{8E5452BC-F84D-3E73-945E-C41B1EC24165}.Debug|Win32.ActiveCfg = Debug|Win32
		{8E5452BC-F84D-3E73-945E-C41B1EC24165}.Debug|Win32.Build.0 = Debug|Win32
		{8E5452BC-F84D-3E73-945E-C41B1EC24165}.Release|Win32.ActiveCfg = Release|Win32
		{8E5452BC-F84D-3E73-945E-C41B1EC24165}.Release|Win32.Build.0 = Release|Win32
		{8E5452BC-F84D-3E73-945E-C41B1EC24165}.MinSizeRel|Win32.ActiveCfg = MinSizeRel|Win32
		{8E5452BC-F84D-3E73-945E-C41B1EC24165}.MinSizeRel|Win32.Build.0 = MinSizeRel|Win32
		{8E5452BC-F84D-3E73-945E-C41B1EC24165}.RelWithDebInfo|Win32.ActiveCfg = RelWithDebInfo|Win32
		{8E5452BC-F84D-3E73-945E-C41B1EC24165}.RelWithDebInfo|Win32.Build.0 = RelWithDebInfo|Win32
		{4EA66187-876C-35C6-A425-FA8319B21434}.Debug|Win32.ActiveCfg = Debug|Win32
		{4EA66187-876C-35C6-A425-FA8319B21434}.Debug|Win32.Build.0 = Debug|Win32
		{4EA66187-876C-35C6-A425-FA8319B21434}.Release|Win32.ActiveCfg = Release|Win32
		{4EA66187-876C-35C6-A425-FA8319B21434}.Release|Win32.Build.0 = Release|Win32
		{4EA66187-876C-35C6-A425-FA8319B21434}.MinSizeRel|Win32.ActiveCfg = MinSizeRel|Win32
		{4EA66187-876C-35C6-A425-FA8319B21434}.MinSizeRel|Win32.Build.0 = MinSizeRel|Win32
		{4EA66187-876C-35C6-A425-FA8319B21434}.RelWithDebInfo|Win32.ActiveCfg = RelWithDebInfo|Win32
		{4EA66187-876C-35C6-A425-FA8319B21434}.RelWithDebInfo|Win32.Build.0 = RelWithDebInfo|Win32
		{301E63D4-53FB-3F9D-8C9B-BE9831049339}.Debug|Win32.ActiveCfg = Debug|Win32
		{301E63D4-53FB-3F9D-8C9B-BE9831049339}.Debug|Win32.Build.0 = Debug|Win32
		{301E63D4-53FB-3F9D-8C9B-BE9831049339}.Release|Win32.ActiveCfg = Release|Win32
		{301E63D4-53FB-3F9D-8C9B-BE9831049339}.Release|Win32.Build.0 = Release|Win32
		{301E63D4-53FB-3F9D-8C9B-BE9831049339}.MinSizeRel|Win32.ActiveCfg = MinSizeRel|Win32
		{301E63D4-53FB-3F9D-8C9B-BE9831049339}.MinSizeRel|Win32.Build.0 = MinSizeRel|Win32
		{301E63D4-53FB-3F9D-8C9B-BE9831049339}.RelWithDebInfo|Win32.ActiveCfg = RelWithDebInfo|Win32
		{301E63D4-53FB-3F9D-8C9B-BE9831049339}.RelWithDebInfo|Win32.Build.0 = RelWithDebInfo|Win32
		{0526E3AC-A64F-3A4A-9223-4C03297E1B45}.Debug|Win32.ActiveCfg = Debug|Win32
		{0526E3AC-A64F-3A4A-9223-4C03297E1B45}.Debug|Win32.Build.0 = Debug|Win32
		{0526E3AC-A64F-3A4A-9223-4C03297E1B45}.Release|Win32.ActiveCfg = Release|Win32
		{0526E3AC-A64F-3A4A-9223-4C03297E1B45}.Release|Win32.Build.0 = Release|Win32
		{0526E3AC-A64F-3A4A-9223-4C03297E1B45}.MinSizeRel|Win32.ActiveCfg = MinSizeRel|Win32
		{0526E3AC-A64F-3A4A-9223-4C03297E1B45}.MinSizeRel|Win32.Build.0 = MinSizeRel|Win32
		{0526E3AC-A64F-3A4A-9223-4C03297E1B45}.RelWithDebInfo|Win32.ActiveCfg = RelWithDebInfo|Win32
		{0526E3AC-A64F-3A4A-9223-4C03297E1B45}.RelWithDebInfo|Win32.Build.0 = RelWithDebInfo|Win32
		{4A84C075-5D44-3975-9A8B-15FF42FAEE79}.Debug|Win32.ActiveCfg = Debug|Win32
		{4A84C075-5D44-3975-9A8B-15FF42FAEE79}.Debug|Win32.Build.0 = Debug|Win32
		{4A84C075-5D44-3975-9A8B-15FF42FAEE79}.Release|Win32.ActiveCfg = Release|Win32
		{4A84C075-5D44-3975-9A8B-15FF42FAEE79}.Release|Win32.Build.0 = Release|Win32
		{4A84C075-5D44-3975-9A8B-15FF42FAEE79}.MinSizeRel|Win32.ActiveCfg = MinSizeRel|Win32
		{4A84C075-5D44-3975-9A8B-15FF42FAEE79}.MinSizeRel|Win32.Build.0 = MinSizeRel|Win32
		{4A84C075-5D44-3975-9A8B-15FF42FAEE79}.RelWithDebInfo|Win32.ActiveCfg = RelWithDebInfo|Win32
		{4A84C075-5D44-3975-9A8B-15FF42FAEE79}.RelWithDebInfo|Win32.Build.0 = RelWithDebInfo|Win32
		{03BC81D4-857A-3597-90CF-3971ED8F7A19}.Debug|Win32.ActiveCfg = Debug|Win32
		{03BC81D4-857A-3597-90CF-3971ED8F7A19}.Debug|Win32.Build.0 = Debug|Win32
		{03BC81D4-857A-3597-90CF-3971ED8F7A19}.Release|Win32.ActiveCfg = Release|Win32
		{03BC81D4-857A-3597-90CF-3971ED8F7A19}.Release|Win32.Build.0 = Release|Win32
		{03BC81D4-857A-3597-90CF-3971ED8F7A19}.MinSizeRel|Win32.ActiveCfg = MinSizeRel|Win32
		{03BC81D4-857A-3597-90CF-3971ED8F7A19}.MinSizeRel|Win32.Build.0 = MinSizeRel|Win32
		{03BC81D4-857A-3597-90CF-3971ED8F7A19}.RelWithDebInfo|Win32.ActiveCfg = RelWithDebInfo|Win32
		{03BC81D4-857A-3597-90CF-3971ED8F7A19}.RelWithDebInfo|Win32.Build.0 = RelWithDebInfo|Win32
		{EC746B68-9B6D-3C2D-93DB-021249719586}.Debug|Win32.ActiveCfg = Debug|Win32
		{EC746B68-9B6D-3C2D-93DB-021249719586}.Debug|Win32.Build.0 = Debug|Win32
		{EC746B68-9B6D-3C2D-93DB-021249719586}.Release|Win32.ActiveCfg = Release|Win32
		{EC746B68-9B6D-3C2D-93DB-021249719586}.Release|Win32.Build.0 = Release|Win32
		{EC746B68-9B6D-3C2D-93DB-021249719586}.MinSizeRel|Win32.ActiveCfg = MinSizeRel|Win32
		{EC746B68-9B6D-3C2D-93DB-021249719586}.MinSizeRel|Win32.Build.0 = MinSizeRel|Win32
		{EC746B68-9B6D-3C2D-93DB-021249719586}.RelWithDebInfo|Win32.ActiveCfg = RelWithDebInfo|Win32
		{EC746B68-9B6D-3C2D-93DB-021249719586}.RelWithDebInfo|Win32.Build.0 = RelWithDebInfo|Win32
		{078A41AA-C8BC-3212-9821-6A3033C82FBD}.Debug|Win32.ActiveCfg = Debug|Win32
		{078A41AA-C8BC-3212-9821-6A3033C82FBD}.Debug|Win32.Build.0 = Debug|Win32
		{078A41AA-C8BC-3212-9821-6A3033C82FBD}.Release|Win32.ActiveCfg = Release|Win32
		{078A41AA-C8BC-3212-9821-6A3033C82FBD}.Release|Win32.Build.0 = Release|Win32
		{078A41AA-C8BC-3212-9821-6A3033C82FBD}.MinSizeRel|Win32.ActiveCfg = MinSizeRel|Win32
		{078A41AA-C8BC-3212-9821-6A3033C82FBD}.MinSizeRel|Win32.Build.0 = MinSizeRel|Win32
		{078A41AA-C8BC-3212-9821-6A3033C82FBD}.RelWithDebInfo|Win32.ActiveCfg = RelWithDebInfo|Win32
		{078A41AA-C8BC-3212-9821-6A3033C82FBD}.RelWithDebInfo|Win32.Build.0 = RelWithDebInfo|Win32
		{9E0B5712-B80C-3D95-B193-7E61B11B9DB8}.Debug|Win32.ActiveCfg = Debug|Win32
		{9E0B5712-B80C-3D95-B193-7E61B11B9DB8}.Debug|Win32.Build.0 = Debug|Win32
		{9E0B5712-B80C-3D95-B193-7E61B11B9DB8}.Release|Win32.ActiveCfg = Release|Win32
		{9E0B5712-B80C-3D95-B193-7E61B11B9DB8}.Release|Win32.Build.0 = Release|Win32
		{9E0B5712-B80C-3D95-B193-7E61B11B9DB8}.MinSizeRel|Win32.ActiveCfg = MinSizeRel|Win32
		{9E0B5712-B80C-3D95-B193-7E61B11B9DB8}.MinSizeRel|Win32.Build.0 = MinSizeRel|Win32
		{9E0B5712-B80C-3D95-B193-7E61B11B9DB8}.RelWithDebInfo|Win32.ActiveCfg = RelWithDebInfo|Win32
		{9E0B5712-B80C-3D95-B193-7E61B11B9DB8}.RelWithDebInfo|Win32.Build.0 = RelWithDebInfo|Win32
		{6B965752-0317-34E3-8FFA-048CFFCE9052}.Debug|Win32.ActiveCfg = Debug|Win32
		{6B965752-0317-34E3-8FFA-048CFFCE9052}.Debug|Win32.Build.0 = Debug|Win32
		{6B965752-0317-34E3-8FFA-048CFFCE9052}.Release|Win32.ActiveCfg = Release|Win32
		{6B965752-0317-34E3-8FFA-048CFFCE9052}.Release|Win32.Build.0 = Release|Win32
		{6B965752-0317-34E3-8FFA-048CFFCE9052}.MinSizeRel|Win32.ActiveCfg = MinSizeRel|Win32
		{6B965752-0317-34E3-8FFA-048CFFCE9052}.MinSizeRel|Win32.Build.0 = MinSizeRel|Win32
		{6B965752-0317-34E3-8FFA-048CFFCE9052}.RelWithDebInfo|Win32.ActiveCfg = RelWithDebInfo|Win32
		{6B965752-0317-34E3-8FFA-048CFFCE9052}.RelWithDebInfo|Win32.Build.0 = RelWithDebInfo|Win32
		{1BF2D969-2DD0-330E-8BF1-B4ADC6EA0F84}.Debug|Win32.ActiveCfg = Debug|Win32
		{1BF2D969-2DD0-330E-8BF1-B4ADC6EA0F84}.Debug|Win32.Build.0 = Debug|Win32
		{1BF2D969-2DD0-330E-8BF1-B4ADC6EA0F84}.Release|Win32.ActiveCfg = Release|Win32
		{1BF2D969-2DD0-330E-8BF1-B4ADC6EA0F84}.Release|Win32.Build.0 = Release|Win32
		{1BF2D969-2DD0-330E-8BF1-B4ADC6EA0F84}.MinSizeRel|Win32.ActiveCfg = MinSizeRel|Win32
		{1BF2D969-2DD0-330E-8BF1-B4ADC6EA0F84}.MinSizeRel|Win32.Build.0 = MinSizeRel|Win32
		{1BF2D969-2DD0-330E-8BF1-B4ADC6EA0F84}.RelWithDebInfo|Win32.ActiveCfg = RelWithDebInfo|Win32
		{1BF2D969-2DD0-330E-8BF1-B4ADC6EA0F84}.RelWithDebInfo|Win32.Build.0 = RelWithDebInfo|Win32
		{35067943-E5F3-3865-9500-3A09BA7482AE}.Debug|Win32.ActiveCfg = Debug|Win32
		{35067943-E5F3-3865-9500-3A09BA7482AE}.Debug|Win32.Build.0 = Debug|Win32
		{35067943-E5F3-3865-9500-3A09BA7482AE}.Release|Win32.ActiveCfg = Release|Win32
		{35067943-E5F3-3865-9500-3A09BA7482AE}.Release|Win32.Build.0 = Release|Win32
		{35067943-E5F3-3865-9500-3A09BA7482AE}.MinSizeRel|Win32.ActiveCfg = MinSizeRel|Win32
		{35067943-E5F3-3865-9500-3A09BA7482AE}.MinSizeRel|Win32.Build.0 = MinSizeRel|Win32
		{35067943-E5F3-3865-9500-3A09BA7482AE}.RelWithDebInfo|Win32.ActiveCfg = RelWithDebInfo|Win32
		{35067943-E5F3-3865-9500-3A09BA7482AE}.RelWithDebInfo|Win32.Build.0 = RelWithDebInfo|Win32
		{EB555EB9-BF7A-38C9-A110-8AC97A681FB2}.Debug|Win32.ActiveCfg = Debug|Win32
		{EB555EB9-BF7A-38C9-A110-8AC97A681FB2}.Release|Win32.ActiveCfg = Release|Win32
		{EB555EB9-BF7A-38C9-A110-8AC97A681FB2}.MinSizeRel|Win32.ActiveCfg = MinSizeRel|Win32
		{EB555EB9-BF7A-38C9-A110-8AC97A681FB2}.RelWithDebInfo|Win32.ActiveCfg = RelWithDebInfo|Win32
		{4A2BF3A9-630D-3B31-A673-F115D82B19CF}.Debug|Win32.ActiveCfg = Debug|Win32
		{4A2BF3A9-630D-3B31-A673-F115D82B19CF}.Debug|Win32.Build.0 = Debug|Win32
		{4A2BF3A9-630D-3B31-A673-F115D82B19CF}.Release|Win32.ActiveCfg = Release|Win32
		{4A2BF3A9-630D-3B31-A673-F115D82B19CF}.Release|Win32.Build.0 = Release|Win32
		{4A2BF3A9-630D-3B31-A673-F115D82B19CF}.MinSizeRel|Win32.ActiveCfg = MinSizeRel|Win32
		{4A2BF3A9-630D-3B31-A673-F115D82B19CF}.MinSizeRel|Win32.Build.0 = MinSizeRel|Win32
		{4A2BF3A9-630D-3B31-A673-F115D82B19CF}.RelWithDebInfo|Win32.ActiveCfg = RelWithDebInfo|Win32
		{4A2BF3A9-630D-3B31-A673-F115D82B19CF}.RelWithDebInfo|Win32.Build.0 = RelWithDebInfo|Win32
		{656B2C3E-03C3-321A-829D-4B80F80CF7FD}.Debug|Win32.ActiveCfg = Debug|Win32
		{656B2C3E-03C3-321A-829D-4B80F80CF7FD}.Debug|Win32.Build.0 = Debug|Win32
		{656B2C3E-03C3-321A-829D-4B80F80CF7FD}.Release|Win32.ActiveCfg = Release|Win32
		{656B2C3E-03C3-321A-829D-4B80F80CF7FD}.Release|Win32.Build.0 = Release|Win32
		{656B2C3E-03C3-321A-829D-4B80F80CF7FD}.MinSizeRel|Win32.ActiveCfg = MinSizeRel|Win32
		{656B2C3E-03C3-321A-829D-4B80F80CF7FD}.MinSizeRel|Win32.Build.0 = MinSizeRel|Win32
		{656B2C3E-03C3-321A-829D-4B80F80CF7FD}.RelWithDebInfo|Win32.ActiveCfg = RelWithDebInfo|Win32
		{656B2C3E-03C3-321A-829D-4B80F80CF7FD}.RelWithDebInfo|Win32.Build.0 = RelWithDebInfo|Win32
	EndGlobalSection
	GlobalSection(NestedProjects) = preSolution
		{09D74B16-EC79-3998-9989-48F28A09DAC7} = {2DBB8A1E-AA3E-3F1A-A51D-2CF3FCB27F6E}
		{377ED867-1DE9-35C0-B114-AFFEDF49B514} = {2DBB8A1E-AA3E-3F1A-A51D-2CF3FCB27F6E}
		{486D603B-156B-3257-8C5C-B414E4A6A58F} = {2DBB8A1E-AA3E-3F1A-A51D-2CF3FCB27F6E}
		{0FAF17B5-5F18-3C7B-81C0-0FECAC8ADAE7} = {83759A62-E954-38A3-AD41-E10C0481BAE9}
		{6E96345C-3318-301F-847D-0BC7C4834E38} = {83759A62-E954-38A3-AD41-E10C0481BAE9}
		{09137500-343C-39E5-A12A-6F389D55446F} = {83759A62-E954-38A3-AD41-E10C0481BAE9}
		{F80B52BD-86FC-3222-AA12-23DAC30C3E65} = {0FAF17B5-5F18-3C7B-81C0-0FECAC8ADAE7}
		{69806879-F756-39A4-A464-D4E8AAC2DF7B} = {0FAF17B5-5F18-3C7B-81C0-0FECAC8ADAE7}
		{B92C6999-3087-3A19-B309-FEE20E291341} = {0FAF17B5-5F18-3C7B-81C0-0FECAC8ADAE7}
		{0526E3AC-A64F-3A4A-9223-4C03297E1B45} = {0FAF17B5-5F18-3C7B-81C0-0FECAC8ADAE7}
		{EC746B68-9B6D-3C2D-93DB-021249719586} = {0FAF17B5-5F18-3C7B-81C0-0FECAC8ADAE7}
		{078A41AA-C8BC-3212-9821-6A3033C82FBD} = {0FAF17B5-5F18-3C7B-81C0-0FECAC8ADAE7}
		{4A2BF3A9-630D-3B31-A673-F115D82B19CF} = {0FAF17B5-5F18-3C7B-81C0-0FECAC8ADAE7}
		{5FDCF97C-62AD-348C-809D-4982EAA0F30A} = {6E96345C-3318-301F-847D-0BC7C4834E38}
		{239337C4-66D6-3FC9-A21F-DC6AEC0813B8} = {6E96345C-3318-301F-847D-0BC7C4834E38}
		{1A258D94-D59D-35E2-9181-F4D9600555AC} = {6E96345C-3318-301F-847D-0BC7C4834E38}
		{DB018D82-FB27-3A6E-A98A-A2C040A85456} = {6E96345C-3318-301F-847D-0BC7C4834E38}
		{B28707EA-C56D-3A8B-A3B4-5CC974D17E09} = {6E96345C-3318-301F-847D-0BC7C4834E38}
		{DA9A9AB9-C4A2-31F4-BD91-CA01A455961C} = {6E96345C-3318-301F-847D-0BC7C4834E38}
		{9A2D6570-6264-39F4-AD04-313DF3D0B1D1} = {6E96345C-3318-301F-847D-0BC7C4834E38}
		{14182E46-AE80-3715-B715-7FA866AD6654} = {6E96345C-3318-301F-847D-0BC7C4834E38}
		{8E5452BC-F84D-3E73-945E-C41B1EC24165} = {6E96345C-3318-301F-847D-0BC7C4834E38}
		{4EA66187-876C-35C6-A425-FA8319B21434} = {6E96345C-3318-301F-847D-0BC7C4834E38}
		{301E63D4-53FB-3F9D-8C9B-BE9831049339} = {6E96345C-3318-301F-847D-0BC7C4834E38}
		{4A84C075-5D44-3975-9A8B-15FF42FAEE79} = {6E96345C-3318-301F-847D-0BC7C4834E38}
		{03BC81D4-857A-3597-90CF-3971ED8F7A19} = {6E96345C-3318-301F-847D-0BC7C4834E38}
		{9E0B5712-B80C-3D95-B193-7E61B11B9DB8} = {6E96345C-3318-301F-847D-0BC7C4834E38}
		{6B965752-0317-34E3-8FFA-048CFFCE9052} = {6E96345C-3318-301F-847D-0BC7C4834E38}
		{1BF2D969-2DD0-330E-8BF1-B4ADC6EA0F84} = {6E96345C-3318-301F-847D-0BC7C4834E38}
		{35067943-E5F3-3865-9500-3A09BA7482AE} = {6E96345C-3318-301F-847D-0BC7C4834E38}
		{656B2C3E-03C3-321A-829D-4B80F80CF7FD} = {6E96345C-3318-301F-847D-0BC7C4834E38}
	EndGlobalSection
	GlobalSection(ExtensibilityGlobals) = postSolution
		SolutionGuid = {50E51C75-3143-323A-A183-35C51263CECD}
	EndGlobalSection
	GlobalSection(ExtensibilityAddIns) = postSolution
	EndGlobalSection
EndGlobal
