<?xml version="1.0" encoding="UTF-8"?>
<Project ToolsVersion="14.0" xmlns="http://schemas.microsoft.com/developer/msbuild/2003">
  <ItemGroup>
    <CustomBuild Include="E:\git\opengl\third\glfw-3.2.1-Build\CMakeFiles\b7d63f57cbb5e544ded83f12de34ba63\INSTALL_force.rule">
      <Filter>CMake Rules</Filter>
    </CustomBuild>
  </ItemGroup>
  <ItemGroup>
    <Filter Include="CMake Rules">
      <UniqueIdentifier>{E7AB8F45-2FFF-302C-9E01-A0C4CFD6A3C5}</UniqueIdentifier>
    </Filter>
  </ItemGroup>
</Project>
